<?xml version="1.0" encoding="utf-8"?>
<Project ToolsVersion="4.0" xmlns="http://schemas.microsoft.com/developer/msbuild/2003">
  <ItemGroup>
    <Filter Include="Source Files">
      <UniqueIdentifier>{4FC737F1-C7A5-4376-A066-2A32D752A2FF}</UniqueIdentifier>
      <Extensions>cpp;c;cc;cxx;def;odl;idl;hpj;bat;asm;asmx</Extensions>
    </Filter>
    <Filter Include="Header Files">
      <UniqueIdentifier>{93995380-89BD-4b04-88EB-625FBE52EBFB}</UniqueIdentifier>
      <Extensions>h;hpp;hxx;hm;inl;inc;xsd</Extensions>
    </Filter>
    <Filter Include="Resource Files">
      <UniqueIdentifier>{67DA6AB6-F800-4c08-8B7A-83BB121AAD01}</UniqueIdentifier>
      <Extensions>rc;ico;cur;bmp;dlg;rc2;rct;bin;rgs;gif;jpg;jpeg;jpe;resx;tiff;tif;png;wav;mfcribbon-ms</Extensions>
    </Filter>
  </ItemGroup>
  <ItemGroup>
    <ClCompile Include="MainForm.cpp">
      <Filter>Source Files</Filter>
    </ClCompile>
    <ClCompile Include="Form_P.cpp">
      <Filter>Source Files</Filter>
    </ClCompile>
    <ClCompile Include="Form_G.cpp">
      <Filter>Source Files</Filter>
    </ClCompile>
    <ClCompile Include="Form_Ele.cpp">
      <Filter>Source Files</Filter>
    </ClCompile>
    <ClCompile Include="Testform.cpp">
      <Filter>Source Files</Filter>
    </ClCompile>
    <ClCompile Include="Form_Gra.cpp">
      <Filter>Source Files</Filter>
    </ClCompile>
    <ClCompile Include="Form_Rho.cpp">
      <Filter>Source Files</Filter>
    </ClCompile>
    <ClCompile Include="Form_Acous.cpp">
      <Filter>Source Files</Filter>
    </ClCompile>
    <ClCompile Include="Form_Jazz.cpp">
      <Filter>Source Files</Filter>
    </ClCompile>
    <ClCompile Include="Form_Peizo.cpp">
      <Filter>Source Files</Filter>
    </ClCompile>
    <ClCompile Include="acous_Gui.cpp">
      <Filter>Source Files</Filter>
    </ClCompile>
    <ClCompile Include="jazz_Gui.cpp">
      <Filter>Source Files</Filter>
    </ClCompile>
    <ClCompile Include="peizo_Gui.cpp">
      <Filter>Source Files</Filter>
    </ClCompile>
    <ClCompile Include="grand_Pia.cpp">
      <Filter>Source Files</Filter>
    </ClCompile>
    <ClCompile Include="electric_Pia.cpp">
      <Filter>Source Files</Filter>
    </ClCompile>
    <ClCompile Include="rhodes_Pia.cpp">
      <Filter>Source Files</Filter>
    </ClCompile>
  </ItemGroup>
  <ItemGroup>
    <ClInclude Include="MainForm.h">
      <Filter>Header Files</Filter>
    </ClInclude>
    <ClInclude Include="Form_G.h">
      <Filter>Header Files</Filter>
    </ClInclude>
    <ClInclude Include="Form_Ele.h">
      <Filter>Header Files</Filter>
    </ClInclude>
    <ClInclude Include="Testform.h">
      <Filter>Header Files</Filter>
    </ClInclude>
    <ClInclude Include="Form_Gra.h">
      <Filter>Header Files</Filter>
    </ClInclude>
    <ClInclude Include="Form_Rho.h">
      <Filter>Header Files</Filter>
    </ClInclude>
    <ClInclude Include="Form_Acous.h">
      <Filter>Header Files</Filter>
    </ClInclude>
    <ClInclude Include="Form_Jazz.h">
      <Filter>Header Files</Filter>
    </ClInclude>
    <ClInclude Include="Form_Peizo.h">
      <Filter>Header Files</Filter>
    </ClInclude>
    <ClInclude Include="Instruments.h">
      <Filter>Header Files</Filter>
    </ClInclude>
    <ClInclude Include="Piano_ins.h">
      <Filter>Header Files</Filter>
    </ClInclude>
    <ClInclude Include="Guitar_ins.h">
      <Filter>Header Files</Filter>
    </ClInclude>
    <ClInclude Include="acous_Gui.h">
      <Filter>Header Files</Filter>
    </ClInclude>
    <ClInclude Include="jazz_Gui.h">
      <Filter>Header Files</Filter>
    </ClInclude>
    <ClInclude Include="peizo_Gui.h">
      <Filter>Header Files</Filter>
    </ClInclude>
    <ClInclude Include="grand_Pia.h">
      <Filter>Header Files</Filter>
    </ClInclude>
    <ClInclude Include="electric_Pia.h">
      <Filter>Header Files</Filter>
    </ClInclude>
    <ClInclude Include="rhodes_Pia.h">
      <Filter>Header Files</Filter>
    </ClInclude>
  </ItemGroup>
  <ItemGroup>
    <EmbeddedResource Include="Form_Acous.resx">
      <Filter>Resource Files</Filter>
    </EmbeddedResource>
    <EmbeddedResource Include="Form_Ele.resx">
      <Filter>Resource Files</Filter>
    </EmbeddedResource>
    <EmbeddedResource Include="Form_G.resx">
      <Filter>Resource Files</Filter>
    </EmbeddedResource>
    <EmbeddedResource Include="Form_Gra.resx">
      <Filter>Resource Files</Filter>
    </EmbeddedResource>
    <EmbeddedResource Include="Form_Jazz.resx">
      <Filter>Resource Files</Filter>
    </EmbeddedResource>
    <EmbeddedResource Include="Form_Peizo.resx">
      <Filter>Resource Files</Filter>
    </EmbeddedResource>
    <EmbeddedResource Include="Form_Rho.resx">
      <Filter>Resource Files</Filter>
    </EmbeddedResource>
    <EmbeddedResource Include="MainForm.resx">
      <Filter>Resource Files</Filter>
    </EmbeddedResource>
    <EmbeddedResource Include="Testform.resx">
      <Filter>Resource Files</Filter>
    </EmbeddedResource>
  </ItemGroup>
</Project>